<?xml version="1.0" encoding="utf-8"?>
<Project ToolsVersion="4.0" xmlns="http://schemas.microsoft.com/developer/msbuild/2003">
  <ItemGroup>
    <ClCompile Include="dllmain.cpp" />
    <ClCompile Include="Src\tnvse.cpp" />
    <ClCompile Include="Src\font_hook.cpp">
      <Filter>fonthook</Filter>
    </ClCompile>
    <ClCompile Include="Src\load_config.cpp">
      <Filter>loadconfig</Filter>
    </ClCompile>
    <ClCompile Include="Src\encoding.cpp">
      <Filter>fonthook</Filter>
    </ClCompile>
    <ClCompile Include="Src\font_engine.cpp">
      <Filter>fonthook</Filter>
    </ClCompile>
    <ClCompile Include="Src\font_manager.cpp">
      <Filter>fonthook</Filter>
    </ClCompile>
    <ClCompile Include="Src\game_hooks.cpp">
      <Filter>fonthook</Filter>
    </ClCompile>
    <ClCompile Include="Src\native_calls.cpp">
      <Filter>fonthook</Filter>
    </ClCompile>
    <ClCompile Include="Src\text_hooks.cpp">
      <Filter>fonthook</Filter>
    </ClCompile>
  </ItemGroup>
  <ItemGroup>
    <ClInclude Include="Src\font_hook.h">
      <Filter>fonthook</Filter>
    </ClInclude>
    <ClInclude Include="Src\ui_decode.h">
      <Filter>fonthook</Filter>
    </ClInclude>
    <ClInclude Include="Src\load_config.h">
      <Filter>loadconfig</Filter>
    </ClInclude>
    <ClInclude Include="Src\nvse\PluginAPI.h">
      <Filter>nvse</Filter>
    </ClInclude>
    <ClInclude Include="Src\tnvse.h" />
    <ClInclude Include="Src\encoding.h">
      <Filter>fonthook</Filter>
    </ClInclude>
    <ClInclude Include="Src\font_engine.h">
      <Filter>fonthook</Filter>
    </ClInclude>
    <ClInclude Include="Src\font_manager.h">
      <Filter>fonthook</Filter>
    </ClInclude>
    <ClInclude Include="Src\game_hooks.h">
      <Filter>fonthook</Filter>
    </ClInclude>
    <ClInclude Include="Src\native_calls.h">
      <Filter>fonthook</Filter>
    </ClInclude>
    <ClInclude Include="Src\text_hooks.h">
      <Filter>fonthook</Filter>
    </ClInclude>
  </ItemGroup>
  <ItemGroup>
    <None Include="exports.def" />
    <None Include="packages.config" />
  </ItemGroup>
  <ItemGroup>
    <Filter Include="fonthook">
      <UniqueIdentifier>{baa721cc-f897-4680-a187-264319b21672}</UniqueIdentifier>
    </Filter>
    <Filter Include="loadconfig">
      <UniqueIdentifier>{f7219eff-dec6-45f7-99d6-41cd4dcdab2f}</UniqueIdentifier>
    </Filter>
    <Filter Include="nvse">
      <UniqueIdentifier>{ac31691c-9770-41f1-8ae9-62bd2ed526c8}</UniqueIdentifier>
    </Filter>
  </ItemGroup>
</Project>