<?xml version="1.0" encoding="utf-8"?>
<Project ToolsVersion="4.0" xmlns="http://schemas.microsoft.com/developer/msbuild/2003">
  <ItemGroup>
    <Filter Include="Source Files">
      <UniqueIdentifier>{4FC737F1-C7A5-4376-A066-2A32D752A2FF}</UniqueIdentifier>
      <Extensions>cpp;c;cc;cxx;def;odl;idl;hpj;bat;asm;asmx</Extensions>
    </Filter>
    <Filter Include="Source Files\Font" />
    <Filter Include="Source Files\Font Engine" />
    <Filter Include="Source Files\FreeType" />
    <Filter Include="Source Files\Atlas" />
    <Filter Include="Source Files\A8" />
    <Filter Include="Source Files\Input" />
    <Filter Include="Source Files\Hooks" />
    <Filter Include="Source Files\Config" />
    <Filter Include="Header Files">
      <UniqueIdentifier>{93995380-89BD-4b04-88EB-625FBE52EBFB}</UniqueIdentifier>
      <Extensions>h;hh;hpp;hxx;hm;inl;inc;ipp;xsd</Extensions>
    </Filter>
    <Filter Include="Header Files\Font" />
    <Filter Include="Header Files\Font Engine" />
    <Filter Include="Header Files\FreeType" />
    <Filter Include="Header Files\Atlas" />
    <Filter Include="Header Files\A8" />
    <Filter Include="Header Files\Input" />
    <Filter Include="Header Files\Hooks" />
    <Filter Include="Header Files\Config" />
    <Filter Include="Header Files\NVSE" />
  </ItemGroup>
  <ItemGroup>
    <ClCompile Include="dllmain.cpp">
      <Filter>Source Files</Filter>
    </ClCompile>
    <ClCompile Include="Src\tnvse.cpp">
      <Filter>Source Files</Filter>
    </ClCompile>
    <ClCompile Include="Src\encoding.cpp">
      <Filter>Source Files\Font</Filter>
    </ClCompile>
    <ClCompile Include="Src\font_engine.cpp">
      <Filter>Source Files\Font Engine</Filter>
    </ClCompile>
    <ClCompile Include="Src\font_text_layout.cpp">
      <Filter>Source Files\Font Engine</Filter>
    </ClCompile>
    <ClCompile Include="Src\font_text_geometry.cpp">
      <Filter>Source Files\Font Engine</Filter>
    </ClCompile>
	<ClCompile Include="Src\font_atlas_render.cpp">
	  <Filter>Source Files\Atlas</Filter>
	</ClCompile>
	<ClCompile Include="Src\font_atlas_cache.cpp">
	  <Filter>Source Files\Atlas</Filter>
	</ClCompile>
	<ClCompile Include="Src\font_atlas_resource.cpp">
	  <Filter>Source Files\Atlas</Filter>
	</ClCompile>
	<ClCompile Include="Src\font_atlas_shape.cpp">
	  <Filter>Source Files\Atlas</Filter>
	</ClCompile>
	<ClCompile Include="Src\font_atlas_snapshot.cpp">
	  <Filter>Source Files\Atlas</Filter>
	</ClCompile>
	<ClCompile Include="Src\font_a8_render.cpp">
	  <Filter>Source Files\A8</Filter>
	</ClCompile>
	<ClCompile Include="Src\font_a8_draw.cpp">
	  <Filter>Source Files\A8</Filter>
	</ClCompile>
	<ClCompile Include="Src\font_a8_hooks.cpp">
	  <Filter>Source Files\A8</Filter>
	</ClCompile>
	<ClCompile Include="Src\font_a8_diagnostics.cpp">
	  <Filter>Source Files\A8</Filter>
	</ClCompile>
	<ClCompile Include="Src\font_prewarm.cpp">
	  <Filter>Source Files\FreeType</Filter>
	</ClCompile>
	<ClCompile Include="Src\font_performance.cpp">
	  <Filter>Source Files\FreeType</Filter>
	</ClCompile>
    <ClCompile Include="Src\font_vector_config.cpp">
      <Filter>Source Files\FreeType</Filter>
    </ClCompile>
    <ClCompile Include="Src\font_vector_freetype.cpp">
      <Filter>Source Files\FreeType</Filter>
    </ClCompile>
    <ClCompile Include="Src\font_vector_runtime.cpp">
      <Filter>Source Files\FreeType</Filter>
    </ClCompile>
    <ClCompile Include="Src\font_vector_layout.cpp">
      <Filter>Source Files\FreeType</Filter>
    </ClCompile>
    <ClCompile Include="Src\font_vector_glyph_raster.cpp">
      <Filter>Source Files\FreeType</Filter>
    </ClCompile>
    <ClCompile Include="Src\font_vector_persistent_cache.cpp">
      <Filter>Source Files\FreeType</Filter>
    </ClCompile>
    <ClCompile Include="Src\font_vector_log.cpp">
      <Filter>Source Files\FreeType</Filter>
    </ClCompile>
    <ClCompile Include="Src\font_vector_render.cpp">
      <Filter>Source Files\FreeType</Filter>
    </ClCompile>
    <ClCompile Include="Src\font_hook.cpp">
      <Filter>Source Files\Font</Filter>
    </ClCompile>
    <ClCompile Include="Src\dictionary.cpp">
      <Filter>Source Files\Config</Filter>
    </ClCompile>
    <ClCompile Include="Src\dictionary_utils.cpp">
      <Filter>Source Files\Config</Filter>
    </ClCompile>
    <ClCompile Include="Src\dictionary_prepare.cpp">
      <Filter>Source Files\Config</Filter>
    </ClCompile>
    <ClCompile Include="Src\dictionary_entry.cpp">
      <Filter>Source Files\Config</Filter>
    </ClCompile>
    <ClCompile Include="Src\dictionary_effects.cpp">
      <Filter>Source Files\Config</Filter>
    </ClCompile>
    <ClCompile Include="Src\dictionary_loader.cpp">
      <Filter>Source Files\Config</Filter>
    </ClCompile>
    <ClCompile Include="Src\dictionary_match.cpp">
      <Filter>Source Files\Config</Filter>
    </ClCompile>
    <ClCompile Include="Src\dictionary_mux.cpp">
      <Filter>Source Files\Config</Filter>
    </ClCompile>
    <ClCompile Include="Src\dictionary_perk.cpp">
      <Filter>Source Files\Config</Filter>
    </ClCompile>
    <ClCompile Include="Src\dictionary_regex.cpp">
      <Filter>Source Files\Config</Filter>
    </ClCompile>
    <ClCompile Include="Src\dictionary_translate.cpp">
      <Filter>Source Files\Config</Filter>
    </ClCompile>
    <ClCompile Include="Src\font_manager.cpp">
      <Filter>Source Files\Font Engine</Filter>
    </ClCompile>
	<ClCompile Include="Src\font_uio_scale.cpp">
	  <Filter>Source Files\Font</Filter>
	</ClCompile>
    <ClCompile Include="Src\multibyte_input.cpp">
      <Filter>Source Files\Input</Filter>
    </ClCompile>
    <ClCompile Include="Src\multibyte_input_common.cpp">
      <Filter>Source Files\Input</Filter>
    </ClCompile>
    <ClCompile Include="Src\multibyte_input_ime.cpp">
      <Filter>Source Files\Input</Filter>
    </ClCompile>
    <ClCompile Include="Src\multibyte_input_tsf.cpp">
      <Filter>Source Files\Input</Filter>
    </ClCompile>
    <ClCompile Include="Src\multibyte_input_candidate_overlay.cpp">
      <Filter>Source Files\Input</Filter>
    </ClCompile>
    <ClCompile Include="Src\multibyte_input_wndproc.cpp">
      <Filter>Source Files\Input</Filter>
    </ClCompile>
    <ClCompile Include="Src\multibyte_input_menu_search.cpp">
      <Filter>Source Files\Input</Filter>
    </ClCompile>
    <ClCompile Include="Src\multibyte_input_overlay_freetype.cpp">
      <Filter>Source Files\Input</Filter>
    </ClCompile>
    <ClCompile Include="Src\multibyte_input_stewie.cpp">
      <Filter>Source Files\Input</Filter>
    </ClCompile>
    <ClCompile Include="Src\multibyte_input_text_edit.cpp">
      <Filter>Source Files\Input</Filter>
    </ClCompile>
    <ClCompile Include="Src\game_hooks.cpp">
      <Filter>Source Files\Hooks</Filter>
    </ClCompile>
    <ClCompile Include="Src\text_hooks.cpp">
      <Filter>Source Files\Hooks</Filter>
    </ClCompile>
    <ClCompile Include="Src\native_calls.cpp">
      <Filter>Source Files\Hooks</Filter>
    </ClCompile>
    <ClCompile Include="Src\save_display_name.cpp">
      <Filter>Source Files</Filter>
    </ClCompile>
    <ClCompile Include="Src\load_config.cpp">
      <Filter>Source Files\Config</Filter>
    </ClCompile>
	<ClCompile Include="Src\plugin_dependencies.cpp">
	  <Filter>Source Files\Config</Filter>
	</ClCompile>
  </ItemGroup>
  <ItemGroup>
    <ClInclude Include="Src\tnvse.h">
      <Filter>Header Files</Filter>
    </ClInclude>
    <ClInclude Include="Src\globals.h">
      <Filter>Header Files</Filter>
    </ClInclude>
    <ClInclude Include="Src\encoding.h">
      <Filter>Header Files\Font</Filter>
    </ClInclude>
    <ClInclude Include="Src\font_engine.h">
      <Filter>Header Files\Font Engine</Filter>
    </ClInclude>
    <ClInclude Include="Src\font_vector.h">
      <Filter>Header Files\FreeType</Filter>
    </ClInclude>
    <ClInclude Include="Src\font_vector_internal.h">
      <Filter>Header Files\FreeType</Filter>
    </ClInclude>
    <ClInclude Include="Src\font_glyphs.h">
      <Filter>Header Files\Font Engine</Filter>
    </ClInclude>
    <ClInclude Include="Src\font_hook.h">
      <Filter>Header Files\Font</Filter>
    </ClInclude>
    <ClInclude Include="Src\dictionary.h">
      <Filter>Header Files\Config</Filter>
    </ClInclude>
    <ClInclude Include="Src\dictionary_internal.h">
      <Filter>Header Files\Config</Filter>
    </ClInclude>
    <ClInclude Include="include\nlohmann\json.hpp">
      <Filter>Header Files\Config</Filter>
    </ClInclude>
    <ClInclude Include="Src\font_manager.h">
      <Filter>Header Files\Font Engine</Filter>
    </ClInclude>
    <ClInclude Include="Src\font_freetype_internal.h">
      <Filter>Header Files\FreeType</Filter>
    </ClInclude>
    <ClInclude Include="Src\font_atlas_internal.h">
      <Filter>Header Files\Atlas</Filter>
    </ClInclude>
    <ClInclude Include="Src\font_a8_internal.h">
      <Filter>Header Files\A8</Filter>
    </ClInclude>
    <ClInclude Include="Src\multibyte_input.h">
      <Filter>Header Files\Input</Filter>
    </ClInclude>
    <ClInclude Include="Src\multibyte_input_internal.h">
      <Filter>Header Files\Input</Filter>
    </ClInclude>
    <ClInclude Include="Src\multibyte_input_ime_internal.h">
      <Filter>Header Files\Input</Filter>
    </ClInclude>
    <ClInclude Include="Src\ui_decode.h">
      <Filter>Header Files\Font</Filter>
    </ClInclude>
    <ClInclude Include="Src\game_hooks.h">
      <Filter>Header Files\Hooks</Filter>
    </ClInclude>
    <ClInclude Include="Src\text_hooks.h">
      <Filter>Header Files\Hooks</Filter>
    </ClInclude>
    <ClInclude Include="Src\native_calls.h">
      <Filter>Header Files\Hooks</Filter>
    </ClInclude>
    <ClInclude Include="Src\save_display_name.h">
      <Filter>Header Files</Filter>
    </ClInclude>
    <ClInclude Include="Src\load_config.h">
      <Filter>Header Files\Config</Filter>
    </ClInclude>
	<ClInclude Include="Src\plugin_dependencies.h">
	  <Filter>Header Files\Config</Filter>
	</ClInclude>
    <ClInclude Include="Src\nvse\PluginAPI.h">
      <Filter>Header Files\NVSE</Filter>
    </ClInclude>
  </ItemGroup>
  <ItemGroup>
    <None Include="exports.def" />
    <None Include="packages.config" />
  </ItemGroup>
  <ItemGroup>
    <None Include="shaders\freetype_a8.hlsl" />
	<None Include="shaders\freetype_coverage.hlsl" />
	<None Include="shaders\freetype_effects.hlsl" />
	<None Include="shaders\freetype_sdf_compat.hlsli" />
	<None Include="shaders\freetype_tile_compat.hlsli" />
	<None Include="shaders\verify_shader_contract.ps1" />
    <None Include="shaders\compile_a8_shader.bat" />
    <None Include="shaders\compiled\tnvse_freetype_a8.pso" />
	<None Include="shaders\compiled\tnvse_freetype_coverage.pso" />
	<None Include="shaders\compiled\tnvse_freetype_effects_fast.pso" />
	<None Include="shaders\compiled\tnvse_freetype_effects_balanced.pso" />
	<None Include="shaders\compiled\tnvse_freetype_effects_high.pso" />
  </ItemGroup>
</Project>
