Microsoft Visual Studio Solution File, Format Version 12.00
# Visual Studio Version 17
VisualStudioVersion = 17.10.34902.84
MinimumVisualStudioVersion = 10.0.40219.1
Project("{8BC9CEB8-8B4A-11D0-8D11-00A0C91BC942}") = "tNVSE", "tNVSE.vcxproj", "{AE7CFEE7-4058-4E3C-ADC2-AE7480EE2028}"
	ProjectSection(ProjectDependencies) = postProject
		{FDFF5558-96EF-47ED-932D-ECCEEC5A58DE} = {FDFF5558-96EF-47ED-932D-ECCEEC5A58DE}
	EndProjectSection
EndProject
Project("{8BC9CEB8-8B4A-11D0-8D11-00A0C91BC942}") = "commonlib_nv", "..\commonlib_nv\commonlib_nv.vcxproj", "{FDFF5558-96EF-47ED-932D-ECCEEC5A58DE}"
EndProject
Project("{8BC9CEB8-8B4A-11D0-8D11-00A0C91BC942}") = "freetype_tnvse", "third_party\freetype_tnvse.vcxproj", "{CC82EED8-B6AF-4F5B-8895-3078E22D16F4}"
EndProject
Project("{8BC9CEB8-8B4A-11D0-8D11-00A0C91BC942}") = "libtess2_tnvse", "third_party\libtess2_tnvse.vcxproj", "{7C7D07F1-86A1-4CB8-9684-AB8D99744E18}"
EndProject
Project("{8BC9CEB8-8B4A-11D0-8D11-00A0C91BC942}") = "harfbuzz_tnvse", "third_party\harfbuzz_tnvse.vcxproj", "{5A89AF7B-83D3-4E14-A0B5-D8475A4822C7}"
EndProject
Global
	GlobalSection(SolutionConfigurationPlatforms) = preSolution
		Debug|Win32 = Debug|Win32
		Release|Win32 = Release|Win32
	EndGlobalSection
	GlobalSection(ProjectConfigurationPlatforms) = postSolution
		{AE7CFEE7-4058-4E3C-ADC2-AE7480EE2028}.Debug|Win32.ActiveCfg = Debug|Win32
		{AE7CFEE7-4058-4E3C-ADC2-AE7480EE2028}.Debug|Win32.Build.0 = Debug|Win32
		{AE7CFEE7-4058-4E3C-ADC2-AE7480EE2028}.Release|Win32.ActiveCfg = Release|Win32
		{AE7CFEE7-4058-4E3C-ADC2-AE7480EE2028}.Release|Win32.Build.0 = Release|Win32
		{FDFF5558-96EF-47ED-932D-ECCEEC5A58DE}.Debug|Win32.ActiveCfg = Debug|Win32
		{FDFF5558-96EF-47ED-932D-ECCEEC5A58DE}.Debug|Win32.Build.0 = Debug|Win32
		{FDFF5558-96EF-47ED-932D-ECCEEC5A58DE}.Release|Win32.ActiveCfg = Release|Win32
		{FDFF5558-96EF-47ED-932D-ECCEEC5A58DE}.Release|Win32.Build.0 = Release|Win32
		{CC82EED8-B6AF-4F5B-8895-3078E22D16F4}.Debug|Win32.ActiveCfg = Debug|Win32
		{CC82EED8-B6AF-4F5B-8895-3078E22D16F4}.Debug|Win32.Build.0 = Debug|Win32
		{CC82EED8-B6AF-4F5B-8895-3078E22D16F4}.Release|Win32.ActiveCfg = Release|Win32
		{CC82EED8-B6AF-4F5B-8895-3078E22D16F4}.Release|Win32.Build.0 = Release|Win32
		{7C7D07F1-86A1-4CB8-9684-AB8D99744E18}.Debug|Win32.ActiveCfg = Debug|Win32
		{7C7D07F1-86A1-4CB8-9684-AB8D99744E18}.Debug|Win32.Build.0 = Debug|Win32
		{7C7D07F1-86A1-4CB8-9684-AB8D99744E18}.Release|Win32.ActiveCfg = Release|Win32
		{7C7D07F1-86A1-4CB8-9684-AB8D99744E18}.Release|Win32.Build.0 = Release|Win32
		{5A89AF7B-83D3-4E14-A0B5-D8475A4822C7}.Debug|Win32.ActiveCfg = Debug|Win32
		{5A89AF7B-83D3-4E14-A0B5-D8475A4822C7}.Debug|Win32.Build.0 = Debug|Win32
		{5A89AF7B-83D3-4E14-A0B5-D8475A4822C7}.Release|Win32.ActiveCfg = Release|Win32
		{5A89AF7B-83D3-4E14-A0B5-D8475A4822C7}.Release|Win32.Build.0 = Release|Win32
	EndGlobalSection
	GlobalSection(SolutionProperties) = preSolution
		HideSolutionNode = FALSE
	EndGlobalSection
	GlobalSection(ExtensibilityGlobals) = postSolution
		SolutionGuid = {71BF81C1-7B0B-49CB-92D7-5D7E4612E20C}
	EndGlobalSection
EndGlobal
