<?xml version="1.0" encoding="utf-8"?>
<Project ToolsVersion="4.0" xmlns="http://schemas.microsoft.com/developer/msbuild/2003">
  <ItemGroup>
    <ClCompile Include="dllmain.cpp" />
    <ClCompile Include="Src\main.cpp" />
    <ClCompile Include="Src\fonthook.cpp">
      <Filter>fonthook</Filter>
    </ClCompile>
    <ClCompile Include="Src\loadconfig.cpp">
      <Filter>loadconfig</Filter>
    </ClCompile>
  </ItemGroup>
  <ItemGroup>
    <ClInclude Include="Src\PluginAPI.h" />
    <ClInclude Include="Src\fonthook.h">
      <Filter>fonthook</Filter>
    </ClInclude>
    <ClInclude Include="Src\uidecode.h">
      <Filter>fonthook</Filter>
    </ClInclude>
    <ClInclude Include="Src\tList.h">
      <Filter>fonthook</Filter>
    </ClInclude>
    <ClInclude Include="Src\loadconfig.h">
      <Filter>loadconfig</Filter>
    </ClInclude>
  </ItemGroup>
  <ItemGroup>
    <None Include="exports.def" />
    <None Include="packages.config" />
  </ItemGroup>
  <ItemGroup>
    <Filter Include="fonthook">
      <UniqueIdentifier>{baa721cc-f897-4680-a187-264319b21672}</UniqueIdentifier>
    </Filter>
    <Filter Include="loadconfig">
      <UniqueIdentifier>{f7219eff-dec6-45f7-99d6-41cd4dcdab2f}</UniqueIdentifier>
    </Filter>
  </ItemGroup>
</Project>